
Microsoft Visual Studio Solution File, Format Version 12.00
# Visual Studio Version 16
VisualStudioVersion = 16.0.30711.63
MinimumVisualStudioVersion = 10.0.40219.1
Project("{9A19103F-16F7-4668-BE54-9A1E7A4F7556}") = "RecipeApp.API", "RecipeApp\RecipeApp.API\RecipeApp.API.csproj", "{5389A52B-EA42-4F0D-AF56-F89474FBB0F9}"
EndProject
Project("{FAE04EC0-301F-11D3-BF4B-00C04F79EFBC}") = "RecipeApp.API.Test", "RecipeApp\RecipeApp.API.Test\RecipeApp.API.Test.csproj", "{D7CD267E-8F9C-4145-A1F9-65DE50DED2CF}"
EndProject
Global
	GlobalSection(SolutionConfigurationPlatforms) = preSolution
		Debug|Any CPU = Debug|Any CPU
		Release|Any CPU = Release|Any CPU
	EndGlobalSection
	GlobalSection(ProjectConfigurationPlatforms) = postSolution
		{5389A52B-EA42-4F0D-AF56-F89474FBB0F9}.Debug|Any CPU.ActiveCfg = Debug|Any CPU
		{5389A52B-EA42-4F0D-AF56-F89474FBB0F9}.Debug|Any CPU.Build.0 = Debug|Any CPU
		{5389A52B-EA42-4F0D-AF56-F89474FBB0F9}.Release|Any CPU.ActiveCfg = Release|Any CPU
		{5389A52B-EA42-4F0D-AF56-F89474FBB0F9}.Release|Any CPU.Build.0 = Release|Any CPU
		{D7CD267E-8F9C-4145-A1F9-65DE50DED2CF}.Debug|Any CPU.ActiveCfg = Debug|Any CPU
		{D7CD267E-8F9C-4145-A1F9-65DE50DED2CF}.Debug|Any CPU.Build.0 = Debug|Any CPU
		{D7CD267E-8F9C-4145-A1F9-65DE50DED2CF}.Release|Any CPU.ActiveCfg = Release|Any CPU
		{D7CD267E-8F9C-4145-A1F9-65DE50DED2CF}.Release|Any CPU.Build.0 = Release|Any CPU
	EndGlobalSection
	GlobalSection(SolutionProperties) = preSolution
		HideSolutionNode = FALSE
	EndGlobalSection
	GlobalSection(ExtensibilityGlobals) = postSolution
		SolutionGuid = {B552DE09-3CBB-4C01-88D5-CF8C3B364C2F}
	EndGlobalSection
EndGlobal
